// !$*UTF8*$!
{
	archiveVersion = 1;
	classes = {
	};
	objectVersion = 56;
	objects = {

/* Begin PBXBuildFile section */
		B10C42CB2AD1FB4A003FBB80 /* unimindApp.swift in Sources */ = {isa = PBXBuildFile; fileRef = B10C42CA2AD1FB4A003FBB80 /* unimindApp.swift */; };
		B10C42CD2AD1FB4A003FBB80 /* ContentView.swift in Sources */ = {isa = PBXBuildFile; fileRef = B10C42CC2AD1FB4A003FBB80 /* ContentView.swift */; };
		B10C42CF2AD1FB4B003FBB80 /* Assets.xcassets in Resources */ = {isa = PBXBuildFile; fileRef = B10C42CE2AD1FB4B003FBB80 /* Assets.xcassets */; };
		B10C42D22AD1FB4B003FBB80 /* Preview Assets.xcassets in Resources */ = {isa = PBXBuildFile; fileRef = B10C42D12AD1FB4B003FBB80 /* Preview Assets.xcassets */; };
		B10C42E72AD1FF3D003FBB80 /* HomeView.swift in Sources */ = {isa = PBXBuildFile; fileRef = B10C42E62AD1FF3D003FBB80 /* HomeView.swift */; };
		B10C42E92AD1FF67003FBB80 /* CategoriesView.swift in Sources */ = {isa = PBXBuildFile; fileRef = B10C42E82AD1FF67003FBB80 /* CategoriesView.swift */; };
		B10C42EB2AD1FF7A003FBB80 /* NewSectionView.swift in Sources */ = {isa = PBXBuildFile; fileRef = B10C42EA2AD1FF7A003FBB80 /* NewSectionView.swift */; };
		B10C42EF2AD1FFA4003FBB80 /* SettingsView.swift in Sources */ = {isa = PBXBuildFile; fileRef = B10C42EE2AD1FFA4003FBB80 /* SettingsView.swift */; };
		B10C42F12AD2067F003FBB80 /* TabBar.swift in Sources */ = {isa = PBXBuildFile; fileRef = B10C42F02AD2067F003FBB80 /* TabBar.swift */; };
		B10C42F32AD20D01003FBB80 /* FitnessModel.swift in Sources */ = {isa = PBXBuildFile; fileRef = B10C42F22AD20D01003FBB80 /* FitnessModel.swift */; };
		B10C42F52AD2151A003FBB80 /* InstructionCard.swift in Sources */ = {isa = PBXBuildFile; fileRef = B10C42F42AD2151A003FBB80 /* InstructionCard.swift */; };
		B1A4DC1E2AD233C2003C4B63 /* InstructionList.swift in Sources */ = {isa = PBXBuildFile; fileRef = B1A4DC1D2AD233C2003C4B63 /* InstructionList.swift */; };
		B1A4DC202AD23E03003C4B63 /* InstructionView.swift in Sources */ = {isa = PBXBuildFile; fileRef = B1A4DC1F2AD23E03003C4B63 /* InstructionView.swift */; };
		B1A4DC222AD25A22003C4B63 /* AddInstructionView.swift in Sources */ = {isa = PBXBuildFile; fileRef = B1A4DC212AD25A22003C4B63 /* AddInstructionView.swift */; };
/* End PBXBuildFile section */

/* Begin PBXFileReference section */
		B10C42C72AD1FB4A003FBB80 /* unimind.app */ = {isa = PBXFileReference; explicitFileType = wrapper.application; includeInIndex = 0; path = unimind.app; sourceTree = BUILT_PRODUCTS_DIR; };
		B10C42CA2AD1FB4A003FBB80 /* unimindApp.swift */ = {isa = PBXFileReference; lastKnownFileType = sourcecode.swift; path = unimindApp.swift; sourceTree = "<group>"; };
		B10C42CC2AD1FB4A003FBB80 /* ContentView.swift */ = {isa = PBXFileReference; lastKnownFileType = sourcecode.swift; path = ContentView.swift; sourceTree = "<group>"; };
		B10C42CE2AD1FB4B003FBB80 /* Assets.xcassets */ = {isa = PBXFileReference; lastKnownFileType = folder.assetcatalog; path = Assets.xcassets; sourceTree = "<group>"; };
		B10C42D12AD1FB4B003FBB80 /* Preview Assets.xcassets */ = {isa = PBXFileReference; lastKnownFileType = folder.assetcatalog; path = "Preview Assets.xcassets"; sourceTree = "<group>"; };
		B10C42E62AD1FF3D003FBB80 /* HomeView.swift */ = {isa = PBXFileReference; lastKnownFileType = sourcecode.swift; path = HomeView.swift; sourceTree = "<group>"; };
		B10C42E82AD1FF67003FBB80 /* CategoriesView.swift */ = {isa = PBXFileReference; lastKnownFileType = sourcecode.swift; path = CategoriesView.swift; sourceTree = "<group>"; };
		B10C42EA2AD1FF7A003FBB80 /* NewSectionView.swift */ = {isa = PBXFileReference; lastKnownFileType = sourcecode.swift; path = NewSectionView.swift; sourceTree = "<group>"; };
		B10C42EE2AD1FFA4003FBB80 /* SettingsView.swift */ = {isa = PBXFileReference; lastKnownFileType = sourcecode.swift; path = SettingsView.swift; sourceTree = "<group>"; };
		B10C42F02AD2067F003FBB80 /* TabBar.swift */ = {isa = PBXFileReference; lastKnownFileType = sourcecode.swift; path = TabBar.swift; sourceTree = "<group>"; };
		B10C42F22AD20D01003FBB80 /* FitnessModel.swift */ = {isa = PBXFileReference; lastKnownFileType = sourcecode.swift; path = FitnessModel.swift; sourceTree = "<group>"; };
		B10C42F42AD2151A003FBB80 /* InstructionCard.swift */ = {isa = PBXFileReference; lastKnownFileType = sourcecode.swift; path = InstructionCard.swift; sourceTree = "<group>"; };
		B1A4DC1D2AD233C2003C4B63 /* InstructionList.swift */ = {isa = PBXFileReference; lastKnownFileType = sourcecode.swift; path = InstructionList.swift; sourceTree = "<group>"; };
		B1A4DC1F2AD23E03003C4B63 /* InstructionView.swift */ = {isa = PBXFileReference; lastKnownFileType = sourcecode.swift; path = InstructionView.swift; sourceTree = "<group>"; };
		B1A4DC212AD25A22003C4B63 /* AddInstructionView.swift */ = {isa = PBXFileReference; lastKnownFileType = sourcecode.swift; path = AddInstructionView.swift; sourceTree = "<group>"; };
/* End PBXFileReference section */

/* Begin PBXFrameworksBuildPhase section */
		B10C42C42AD1FB4A003FBB80 /* Frameworks */ = {
			isa = PBXFrameworksBuildPhase;
			buildActionMask = 2147483647;
			files = (
			);
			runOnlyForDeploymentPostprocessing = 0;
		};
/* End PBXFrameworksBuildPhase section */

/* Begin PBXGroup section */
		B10C42BE2AD1FB4A003FBB80 = {
			isa = PBXGroup;
			children = (
				B10C42C92AD1FB4A003FBB80 /* unimind */,
				B10C42C82AD1FB4A003FBB80 /* Products */,
			);
			sourceTree = "<group>";
		};
		B10C42C82AD1FB4A003FBB80 /* Products */ = {
			isa = PBXGroup;
			children = (
				B10C42C72AD1FB4A003FBB80 /* unimind.app */,
			);
			name = Products;
			sourceTree = "<group>";
		};
		B10C42C92AD1FB4A003FBB80 /* unimind */ = {
			isa = PBXGroup;
			children = (
				B10C42CA2AD1FB4A003FBB80 /* unimindApp.swift */,
				B10C42D82AD1FC6E003FBB80 /* Views */,
				B10C42DA2AD1FCBD003FBB80 /* ViewModels */,
				B10C42DB2AD1FCCE003FBB80 /* Models */,
				B10C42CE2AD1FB4B003FBB80 /* Assets.xcassets */,
				B10C42D02AD1FB4B003FBB80 /* Preview Content */,
			);
			path = unimind;
			sourceTree = "<group>";
		};
		B10C42D02AD1FB4B003FBB80 /* Preview Content */ = {
			isa = PBXGroup;
			children = (
				B10C42D12AD1FB4B003FBB80 /* Preview Assets.xcassets */,
			);
			path = "Preview Content";
			sourceTree = "<group>";
		};
		B10C42D82AD1FC6E003FBB80 /* Views */ = {
			isa = PBXGroup;
			children = (
				B10C42D92AD1FC84003FBB80 /* Main */,
				B10C42DC2AD1FCF1003FBB80 /* Detail */,
				B10C42DD2AD1FD03003FBB80 /* Components */,
			);
			path = Views;
			sourceTree = "<group>";
		};
		B10C42D92AD1FC84003FBB80 /* Main */ = {
			isa = PBXGroup;
			children = (
				B10C42CC2AD1FB4A003FBB80 /* ContentView.swift */,
				B10C42F02AD2067F003FBB80 /* TabBar.swift */,
				B10C42E62AD1FF3D003FBB80 /* HomeView.swift */,
				B10C42E82AD1FF67003FBB80 /* CategoriesView.swift */,
				B10C42EA2AD1FF7A003FBB80 /* NewSectionView.swift */,
				B10C42EE2AD1FFA4003FBB80 /* SettingsView.swift */,
			);
			path = Main;
			sourceTree = "<group>";
		};
		B10C42DA2AD1FCBD003FBB80 /* ViewModels */ = {
			isa = PBXGroup;
			children = (
			);
			path = ViewModels;
			sourceTree = "<group>";
		};
		B10C42DB2AD1FCCE003FBB80 /* Models */ = {
			isa = PBXGroup;
			children = (
				B10C42F22AD20D01003FBB80 /* FitnessModel.swift */,
			);
			path = Models;
			sourceTree = "<group>";
		};
		B10C42DC2AD1FCF1003FBB80 /* Detail */ = {
			isa = PBXGroup;
			children = (
				B1A4DC1F2AD23E03003C4B63 /* InstructionView.swift */,
				B1A4DC212AD25A22003C4B63 /* AddInstructionView.swift */,
			);
			path = Detail;
			sourceTree = "<group>";
		};
		B10C42DD2AD1FD03003FBB80 /* Components */ = {
			isa = PBXGroup;
			children = (
				B10C42F42AD2151A003FBB80 /* InstructionCard.swift */,
				B1A4DC1D2AD233C2003C4B63 /* InstructionList.swift */,
			);
			path = Components;
			sourceTree = "<group>";
		};
/* End PBXGroup section */

/* Begin PBXNativeTarget section */
		B10C42C62AD1FB4A003FBB80 /* unimind */ = {
			isa = PBXNativeTarget;
			buildConfigurationList = B10C42D52AD1FB4B003FBB80 /* Build configuration list for PBXNativeTarget "unimind" */;
			buildPhases = (
				B10C42C32AD1FB4A003FBB80 /* Sources */,
				B10C42C42AD1FB4A003FBB80 /* Frameworks */,
				B10C42C52AD1FB4A003FBB80 /* Resources */,
			);
			buildRules = (
			);
			dependencies = (
			);
			name = unimind;
			productName = unimind;
			productReference = B10C42C72AD1FB4A003FBB80 /* unimind.app */;
			productType = "com.apple.product-type.application";
		};
/* End PBXNativeTarget section */

/* Begin PBXProject section */
		B10C42BF2AD1FB4A003FBB80 /* Project object */ = {
			isa = PBXProject;
			attributes = {
				BuildIndependentTargetsInParallel = 1;
				LastSwiftUpdateCheck = 1500;
				LastUpgradeCheck = 1500;
				TargetAttributes = {
					B10C42C62AD1FB4A003FBB80 = {
						CreatedOnToolsVersion = 15.0;
					};
				};
			};
			buildConfigurationList = B10C42C22AD1FB4A003FBB80 /* Build configuration list for PBXProject "unimind" */;
			compatibilityVersion = "Xcode 14.0";
			developmentRegion = en;
			hasScannedForEncodings = 0;
			knownRegions = (
				en,
				Base,
			);
			mainGroup = B10C42BE2AD1FB4A003FBB80;
			productRefGroup = B10C42C82AD1FB4A003FBB80 /* Products */;
			projectDirPath = "";
			projectRoot = "";
			targets = (
				B10C42C62AD1FB4A003FBB80 /* unimind */,
			);
		};
/* End PBXProject section */

/* Begin PBXResourcesBuildPhase section */
		B10C42C52AD1FB4A003FBB80 /* Resources */ = {
			isa = PBXResourcesBuildPhase;
			buildActionMask = 2147483647;
			files = (
				B10C42D22AD1FB4B003FBB80 /* Preview Assets.xcassets in Resources */,
				B10C42CF2AD1FB4B003FBB80 /* Assets.xcassets in Resources */,
			);
			runOnlyForDeploymentPostprocessing = 0;
		};
/* End PBXResourcesBuildPhase section */

/* Begin PBXSourcesBuildPhase section */
		B10C42C32AD1FB4A003FBB80 /* Sources */ = {
			isa = PBXSourcesBuildPhase;
			buildActionMask = 2147483647;
			files = (
				B10C42EF2AD1FFA4003FBB80 /* SettingsView.swift in Sources */,
				B10C42EB2AD1FF7A003FBB80 /* NewSectionView.swift in Sources */,
				B10C42F32AD20D01003FBB80 /* FitnessModel.swift in Sources */,
				B10C42E92AD1FF67003FBB80 /* CategoriesView.swift in Sources */,
				B10C42F52AD2151A003FBB80 /* InstructionCard.swift in Sources */,
				B10C42F12AD2067F003FBB80 /* TabBar.swift in Sources */,
				B10C42E72AD1FF3D003FBB80 /* HomeView.swift in Sources */,
				B10C42CD2AD1FB4A003FBB80 /* ContentView.swift in Sources */,
				B1A4DC202AD23E03003C4B63 /* InstructionView.swift in Sources */,
				B1A4DC222AD25A22003C4B63 /* AddInstructionView.swift in Sources */,
				B1A4DC1E2AD233C2003C4B63 /* InstructionList.swift in Sources */,
				B10C42CB2AD1FB4A003FBB80 /* unimindApp.swift in Sources */,
			);
			runOnlyForDeploymentPostprocessing = 0;
		};
/* End PBXSourcesBuildPhase section */

/* Begin XCBuildConfiguration section */
		B10C42D32AD1FB4B003FBB80 /* Debug */ = {
			isa = XCBuildConfiguration;
			buildSettings = {
				ALWAYS_SEARCH_USER_PATHS = NO;
				ASSETCATALOG_COMPILER_GENERATE_SWIFT_ASSET_SYMBOL_EXTENSIONS = YES;
				CLANG_ANALYZER_NONNULL = YES;
				CLANG_ANALYZER_NUMBER_OBJECT_CONVERSION = YES_AGGRESSIVE;
				CLANG_CXX_LANGUAGE_STANDARD = "gnu++20";
				CLANG_ENABLE_MODULES = YES;
				CLANG_ENABLE_OBJC_ARC = YES;
				CLANG_ENABLE_OBJC_WEAK = YES;
				CLANG_WARN_BLOCK_CAPTURE_AUTORELEASING = YES;
				CLANG_WARN_BOOL_CONVERSION = YES;
				CLANG_WARN_COMMA = YES;
				CLANG_WARN_CONSTANT_CONVERSION = YES;
				CLANG_WARN_DEPRECATED_OBJC_IMPLEMENTATIONS = YES;
				CLANG_WARN_DIRECT_OBJC_ISA_USAGE = YES_ERROR;
				CLANG_WARN_DOCUMENTATION_COMMENTS = YES;
				CLANG_WARN_EMPTY_BODY = YES;
				CLANG_WARN_ENUM_CONVERSION = YES;
				CLANG_WARN_INFINITE_RECURSION = YES;
				CLANG_WARN_INT_CONVERSION = YES;
				CLANG_WARN_NON_LITERAL_NULL_CONVERSION = YES;
				CLANG_WARN_OBJC_IMPLICIT_RETAIN_SELF = YES;
				CLANG_WARN_OBJC_LITERAL_CONVERSION = YES;
				CLANG_WARN_OBJC_ROOT_CLASS = YES_ERROR;
				CLANG_WARN_QUOTED_INCLUDE_IN_FRAMEWORK_HEADER = YES;
				CLANG_WARN_RANGE_LOOP_ANALYSIS = YES;
				CLANG_WARN_STRICT_PROTOTYPES = YES;
				CLANG_WARN_SUSPICIOUS_MOVE = YES;
				CLANG_WARN_UNGUARDED_AVAILABILITY = YES_AGGRESSIVE;
				CLANG_WARN_UNREACHABLE_CODE = YES;
				CLANG_WARN__DUPLICATE_METHOD_MATCH = YES;
				COPY_PHASE_STRIP = NO;
				DEBUG_INFORMATION_FORMAT = dwarf;
				ENABLE_STRICT_OBJC_MSGSEND = YES;
				ENABLE_TESTABILITY = YES;
				ENABLE_USER_SCRIPT_SANDBOXING = YES;
				GCC_C_LANGUAGE_STANDARD = gnu17;
				GCC_DYNAMIC_NO_PIC = NO;
				GCC_NO_COMMON_BLOCKS = YES;
				GCC_OPTIMIZATION_LEVEL = 0;
				GCC_PREPROCESSOR_DEFINITIONS = (
					"DEBUG=1",
					"$(inherited)",
				);
				GCC_WARN_64_TO_32_BIT_CONVERSION = YES;
				GCC_WARN_ABOUT_RETURN_TYPE = YES_ERROR;
				GCC_WARN_UNDECLARED_SELECTOR = YES;
				GCC_WARN_UNINITIALIZED_AUTOS = YES_AGGRESSIVE;
				GCC_WARN_UNUSED_FUNCTION = YES;
				GCC_WARN_UNUSED_VARIABLE = YES;
				IPHONEOS_DEPLOYMENT_TARGET = 17.0;
				LOCALIZATION_PREFERS_STRING_CATALOGS = YES;
				MTL_ENABLE_DEBUG_INFO = INCLUDE_SOURCE;
				MTL_FAST_MATH = YES;
				ONLY_ACTIVE_ARCH = YES;
				SDKROOT = iphoneos;
				SWIFT_ACTIVE_COMPILATION_CONDITIONS = "DEBUG $(inherited)";
				SWIFT_OPTIMIZATION_LEVEL = "-Onone";
			};
			name = Debug;
		};
		B10C42D42AD1FB4B003FBB80 /* Release */ = {
			isa = XCBuildConfiguration;
			buildSettings = {
				ALWAYS_SEARCH_USER_PATHS = NO;
				ASSETCATALOG_COMPILER_GENERATE_SWIFT_ASSET_SYMBOL_EXTENSIONS = YES;
				CLANG_ANALYZER_NONNULL = YES;
				CLANG_ANALYZER_NUMBER_OBJECT_CONVERSION = YES_AGGRESSIVE;
				CLANG_CXX_LANGUAGE_STANDARD = "gnu++20";
				CLANG_ENABLE_MODULES = YES;
				CLANG_ENABLE_OBJC_ARC = YES;
				CLANG_ENABLE_OBJC_WEAK = YES;
				CLANG_WARN_BLOCK_CAPTURE_AUTORELEASING = YES;
				CLANG_WARN_BOOL_CONVERSION = YES;
				CLANG_WARN_COMMA = YES;
				CLANG_WARN_CONSTANT_CONVERSION = YES;
				CLANG_WARN_DEPRECATED_OBJC_IMPLEMENTATIONS = YES;
				CLANG_WARN_DIRECT_OBJC_ISA_USAGE = YES_ERROR;
				CLANG_WARN_DOCUMENTATION_COMMENTS = YES;
				CLANG_WARN_EMPTY_BODY = YES;
				CLANG_WARN_ENUM_CONVERSION = YES;
				CLANG_WARN_INFINITE_RECURSION = YES;
				CLANG_WARN_INT_CONVERSION = YES;
				CLANG_WARN_NON_LITERAL_NULL_CONVERSION = YES;
				CLANG_WARN_OBJC_IMPLICIT_RETAIN_SELF = YES;
				CLANG_WARN_OBJC_LITERAL_CONVERSION = YES;
				CLANG_WARN_OBJC_ROOT_CLASS = YES_ERROR;
				CLANG_WARN_QUOTED_INCLUDE_IN_FRAMEWORK_HEADER = YES;
				CLANG_WARN_RANGE_LOOP_ANALYSIS = YES;
				CLANG_WARN_STRICT_PROTOTYPES = YES;
				CLANG_WARN_SUSPICIOUS_MOVE = YES;
				CLANG_WARN_UNGUARDED_AVAILABILITY = YES_AGGRESSIVE;
				CLANG_WARN_UNREACHABLE_CODE = YES;
				CLANG_WARN__DUPLICATE_METHOD_MATCH = YES;
				COPY_PHASE_STRIP = NO;
				DEBUG_INFORMATION_FORMAT = "dwarf-with-dsym";
				ENABLE_NS_ASSERTIONS = NO;
				ENABLE_STRICT_OBJC_MSGSEND = YES;
				ENABLE_USER_SCRIPT_SANDBOXING = YES;
				GCC_C_LANGUAGE_STANDARD = gnu17;
				GCC_NO_COMMON_BLOCKS = YES;
				GCC_WARN_64_TO_32_BIT_CONVERSION = YES;
				GCC_WARN_ABOUT_RETURN_TYPE = YES_ERROR;
				GCC_WARN_UNDECLARED_SELECTOR = YES;
				GCC_WARN_UNINITIALIZED_AUTOS = YES_AGGRESSIVE;
				GCC_WARN_UNUSED_FUNCTION = YES;
				GCC_WARN_UNUSED_VARIABLE = YES;
				IPHONEOS_DEPLOYMENT_TARGET = 17.0;
				LOCALIZATION_PREFERS_STRING_CATALOGS = YES;
				MTL_ENABLE_DEBUG_INFO = NO;
				MTL_FAST_MATH = YES;
				SDKROOT = iphoneos;
				SWIFT_COMPILATION_MODE = wholemodule;
				VALIDATE_PRODUCT = YES;
			};
			name = Release;
		};
		B10C42D62AD1FB4B003FBB80 /* Debug */ = {
			isa = XCBuildConfiguration;
			buildSettings = {
				ASSETCATALOG_COMPILER_APPICON_NAME = AppIcon;
				ASSETCATALOG_COMPILER_GLOBAL_ACCENT_COLOR_NAME = AccentColor;
				CODE_SIGN_STYLE = Automatic;
				CURRENT_PROJECT_VERSION = 1;
				DEVELOPMENT_ASSET_PATHS = "\"unimind/Preview Content\"";
				DEVELOPMENT_TEAM = 6B56WQU5V4;
				ENABLE_PREVIEWS = YES;
				GENERATE_INFOPLIST_FILE = YES;
				INFOPLIST_KEY_UIApplicationSceneManifest_Generation = YES;
				INFOPLIST_KEY_UIApplicationSupportsIndirectInputEvents = YES;
				INFOPLIST_KEY_UILaunchScreen_Generation = YES;
				INFOPLIST_KEY_UISupportedInterfaceOrientations_iPad = "UIInterfaceOrientationPortrait UIInterfaceOrientationPortraitUpsideDown UIInterfaceOrientationLandscapeLeft UIInterfaceOrientationLandscapeRight";
				INFOPLIST_KEY_UISupportedInterfaceOrientations_iPhone = "UIInterfaceOrientationPortrait UIInterfaceOrientationLandscapeLeft UIInterfaceOrientationLandscapeRight";
				LD_RUNPATH_SEARCH_PATHS = (
					"$(inherited)",
					"@executable_path/Frameworks",
				);
				MARKETING_VERSION = 1.0;
				PRODUCT_BUNDLE_IDENTIFIER = io.designcode.unimind;
				PRODUCT_NAME = "$(TARGET_NAME)";
				SWIFT_EMIT_LOC_STRINGS = YES;
				SWIFT_VERSION = 5.0;
				TARGETED_DEVICE_FAMILY = "1,2";
			};
			name = Debug;
		};
		B10C42D72AD1FB4B003FBB80 /* Release */ = {
			isa = XCBuildConfiguration;
			buildSettings = {
				ASSETCATALOG_COMPILER_APPICON_NAME = AppIcon;
				ASSETCATALOG_COMPILER_GLOBAL_ACCENT_COLOR_NAME = AccentColor;
				CODE_SIGN_STYLE = Automatic;
				CURRENT_PROJECT_VERSION = 1;
				DEVELOPMENT_ASSET_PATHS = "\"unimind/Preview Content\"";
				DEVELOPMENT_TEAM = 6B56WQU5V4;
				ENABLE_PREVIEWS = YES;
				GENERATE_INFOPLIST_FILE = YES;
				INFOPLIST_KEY_UIApplicationSceneManifest_Generation = YES;
				INFOPLIST_KEY_UIApplicationSupportsIndirectInputEvents = YES;
				INFOPLIST_KEY_UILaunchScreen_Generation = YES;
				INFOPLIST_KEY_UISupportedInterfaceOrientations_iPad = "UIInterfaceOrientationPortrait UIInterfaceOrientationPortraitUpsideDown UIInterfaceOrientationLandscapeLeft UIInterfaceOrientationLandscapeRight";
				INFOPLIST_KEY_UISupportedInterfaceOrientations_iPhone = "UIInterfaceOrientationPortrait UIInterfaceOrientationLandscapeLeft UIInterfaceOrientationLandscapeRight";
				LD_RUNPATH_SEARCH_PATHS = (
					"$(inherited)",
					"@executable_path/Frameworks",
				);
				MARKETING_VERSION = 1.0;
				PRODUCT_BUNDLE_IDENTIFIER = io.designcode.unimind;
				PRODUCT_NAME = "$(TARGET_NAME)";
				SWIFT_EMIT_LOC_STRINGS = YES;
				SWIFT_VERSION = 5.0;
				TARGETED_DEVICE_FAMILY = "1,2";
			};
			name = Release;
		};
/* End XCBuildConfiguration section */

/* Begin XCConfigurationList section */
		B10C42C22AD1FB4A003FBB80 /* Build configuration list for PBXProject "unimind" */ = {
			isa = XCConfigurationList;
			buildConfigurations = (
				B10C42D32AD1FB4B003FBB80 /* Debug */,
				B10C42D42AD1FB4B003FBB80 /* Release */,
			);
			defaultConfigurationIsVisible = 0;
			defaultConfigurationName = Release;
		};
		B10C42D52AD1FB4B003FBB80 /* Build configuration list for PBXNativeTarget "unimind" */ = {
			isa = XCConfigurationList;
			buildConfigurations = (
				B10C42D62AD1FB4B003FBB80 /* Debug */,
				B10C42D72AD1FB4B003FBB80 /* Release */,
			);
			defaultConfigurationIsVisible = 0;
			defaultConfigurationName = Release;
		};
/* End XCConfigurationList section */
	};
	rootObject = B10C42BF2AD1FB4A003FBB80 /* Project object */;
}
